// !$*UTF8*$!
{
	archiveVersion = 1;
	classes = {
	};
	objectVersion = 55;
	objects = {

/* Begin PBXBuildFile section */
		9A16E9298A455FC46168CE23 /* Pods_R___news.framework in Frameworks */ = {isa = PBXBuildFile; fileRef = C0509E8CBEE83740602CF2F8 /* Pods_R___news.framework */; };
		AF7C972D28B021CD000729C9 /* View+.swift in Sources */ = {isa = PBXBuildFile; fileRef = AF7C972C28B021CD000729C9 /* View+.swift */; };
		AF892CB9289AD48E00E79D4A /* AppDelegate.swift in Sources */ = {isa = PBXBuildFile; fileRef = AF892CB8289AD48E00E79D4A /* AppDelegate.swift */; };
		AF892CBB289AD48E00E79D4A /* SceneDelegate.swift in Sources */ = {isa = PBXBuildFile; fileRef = AF892CBA289AD48E00E79D4A /* SceneDelegate.swift */; };
		AF892CBD289AD48E00E79D4A /* HomePageVC.swift in Sources */ = {isa = PBXBuildFile; fileRef = AF892CBC289AD48E00E79D4A /* HomePageVC.swift */; };
		AF892CC2289AD49500E79D4A /* Assets.xcassets in Resources */ = {isa = PBXBuildFile; fileRef = AF892CC1289AD49500E79D4A /* Assets.xcassets */; };
		AF892CCF289AD66000E79D4A /* AnimationVC.swift in Sources */ = {isa = PBXBuildFile; fileRef = AF892CCE289AD66000E79D4A /* AnimationVC.swift */; };
		AF892CD4289AECB600E79D4A /* news.json in Resources */ = {isa = PBXBuildFile; fileRef = AF892CD3289AECB600E79D4A /* news.json */; };
		AF99B96C289FDD7E008CE3A7 /* background.json in Resources */ = {isa = PBXBuildFile; fileRef = AF99B96B289FDD7E008CE3A7 /* background.json */; };
		AF99B96F289FE37E008CE3A7 /* backView.json in Resources */ = {isa = PBXBuildFile; fileRef = AF99B96E289FE37E008CE3A7 /* backView.json */; };
		AF99B972289FF67A008CE3A7 /* SignUpVC.swift in Sources */ = {isa = PBXBuildFile; fileRef = AF99B971289FF67A008CE3A7 /* SignUpVC.swift */; };
		AF99B974289FF6A1008CE3A7 /* LogInVC.swift in Sources */ = {isa = PBXBuildFile; fileRef = AF99B973289FF6A1008CE3A7 /* LogInVC.swift */; };
		AF99B97E28A0111B008CE3A7 /* hello.json in Resources */ = {isa = PBXBuildFile; fileRef = AF99B97D28A0111B008CE3A7 /* hello.json */; };
		AFE83DA328A8E7C300DB1130 /* String+.swift in Sources */ = {isa = PBXBuildFile; fileRef = AFE83DA228A8E7C300DB1130 /* String+.swift */; };
		AFE83DA828A9073D00DB1130 /* Manager.swift in Sources */ = {isa = PBXBuildFile; fileRef = AFE83DA728A9073D00DB1130 /* Manager.swift */; };
		AFE83DAB28A907F600DB1130 /* UserModel.swift in Sources */ = {isa = PBXBuildFile; fileRef = AFE83DAA28A907F600DB1130 /* UserModel.swift */; };
		AFE9D51C28A911720065BA37 /* confetti.json in Resources */ = {isa = PBXBuildFile; fileRef = AFE9D51B28A911720065BA37 /* confetti.json */; };
		AFE9D51E28A913C50065BA37 /* Alert+.swift in Sources */ = {isa = PBXBuildFile; fileRef = AFE9D51D28A913C50065BA37 /* Alert+.swift */; };
		AFE9D52228A91E3B0065BA37 /* NewsPageTVC.swift in Sources */ = {isa = PBXBuildFile; fileRef = AFE9D52128A91E3B0065BA37 /* NewsPageTVC.swift */; };
		AFE9D52728A986060065BA37 /* NewsPageCell.swift in Sources */ = {isa = PBXBuildFile; fileRef = AFE9D52528A986060065BA37 /* NewsPageCell.swift */; };
		AFE9D52828A986060065BA37 /* NewsCell.xib in Resources */ = {isa = PBXBuildFile; fileRef = AFE9D52628A986060065BA37 /* NewsCell.xib */; };
/* End PBXBuildFile section */

/* Begin PBXFileReference section */
		4535FB157DCF704A201AB2AA /* Pods-R - news.debug.xcconfig */ = {isa = PBXFileReference; includeInIndex = 1; lastKnownFileType = text.xcconfig; name = "Pods-R - news.debug.xcconfig"; path = "Target Support Files/Pods-R - news/Pods-R - news.debug.xcconfig"; sourceTree = "<group>"; };
		6692AAAADC831CBD441BD6B0 /* Pods-R - news.release.xcconfig */ = {isa = PBXFileReference; includeInIndex = 1; lastKnownFileType = text.xcconfig; name = "Pods-R - news.release.xcconfig"; path = "Target Support Files/Pods-R - news/Pods-R - news.release.xcconfig"; sourceTree = "<group>"; };
		AF7C972C28B021CD000729C9 /* View+.swift */ = {isa = PBXFileReference; lastKnownFileType = sourcecode.swift; path = "View+.swift"; sourceTree = "<group>"; };
		AF892CB5289AD48E00E79D4A /* R - news.app */ = {isa = PBXFileReference; explicitFileType = wrapper.application; includeInIndex = 0; path = "R - news.app"; sourceTree = BUILT_PRODUCTS_DIR; };
		AF892CB8289AD48E00E79D4A /* AppDelegate.swift */ = {isa = PBXFileReference; lastKnownFileType = sourcecode.swift; path = AppDelegate.swift; sourceTree = "<group>"; };
		AF892CBA289AD48E00E79D4A /* SceneDelegate.swift */ = {isa = PBXFileReference; lastKnownFileType = sourcecode.swift; path = SceneDelegate.swift; sourceTree = "<group>"; };
		AF892CBC289AD48E00E79D4A /* HomePageVC.swift */ = {isa = PBXFileReference; lastKnownFileType = sourcecode.swift; path = HomePageVC.swift; sourceTree = "<group>"; };
		AF892CC1289AD49500E79D4A /* Assets.xcassets */ = {isa = PBXFileReference; lastKnownFileType = folder.assetcatalog; path = Assets.xcassets; sourceTree = "<group>"; };
		AF892CC6289AD49500E79D4A /* Info.plist */ = {isa = PBXFileReference; lastKnownFileType = text.plist.xml; path = Info.plist; sourceTree = "<group>"; };
		AF892CCE289AD66000E79D4A /* AnimationVC.swift */ = {isa = PBXFileReference; lastKnownFileType = sourcecode.swift; path = AnimationVC.swift; sourceTree = "<group>"; };
		AF892CD3289AECB600E79D4A /* news.json */ = {isa = PBXFileReference; fileEncoding = 4; lastKnownFileType = text.json; path = news.json; sourceTree = "<group>"; };
		AF99B96B289FDD7E008CE3A7 /* background.json */ = {isa = PBXFileReference; fileEncoding = 4; lastKnownFileType = text.json; path = background.json; sourceTree = "<group>"; };
		AF99B96E289FE37E008CE3A7 /* backView.json */ = {isa = PBXFileReference; fileEncoding = 4; lastKnownFileType = text.json; path = backView.json; sourceTree = "<group>"; };
		AF99B971289FF67A008CE3A7 /* SignUpVC.swift */ = {isa = PBXFileReference; lastKnownFileType = sourcecode.swift; path = SignUpVC.swift; sourceTree = "<group>"; };
		AF99B973289FF6A1008CE3A7 /* LogInVC.swift */ = {isa = PBXFileReference; lastKnownFileType = sourcecode.swift; path = LogInVC.swift; sourceTree = "<group>"; };
		AF99B97D28A0111B008CE3A7 /* hello.json */ = {isa = PBXFileReference; fileEncoding = 4; lastKnownFileType = text.json; path = hello.json; sourceTree = "<group>"; };
		AFE83DA228A8E7C300DB1130 /* String+.swift */ = {isa = PBXFileReference; lastKnownFileType = sourcecode.swift; path = "String+.swift"; sourceTree = "<group>"; };
		AFE83DA728A9073D00DB1130 /* Manager.swift */ = {isa = PBXFileReference; lastKnownFileType = sourcecode.swift; path = Manager.swift; sourceTree = "<group>"; };
		AFE83DAA28A907F600DB1130 /* UserModel.swift */ = {isa = PBXFileReference; lastKnownFileType = sourcecode.swift; path = UserModel.swift; sourceTree = "<group>"; };
		AFE9D51B28A911720065BA37 /* confetti.json */ = {isa = PBXFileReference; fileEncoding = 4; lastKnownFileType = text.json; path = confetti.json; sourceTree = "<group>"; };
		AFE9D51D28A913C50065BA37 /* Alert+.swift */ = {isa = PBXFileReference; lastKnownFileType = sourcecode.swift; path = "Alert+.swift"; sourceTree = "<group>"; };
		AFE9D52128A91E3B0065BA37 /* NewsPageTVC.swift */ = {isa = PBXFileReference; lastKnownFileType = sourcecode.swift; path = NewsPageTVC.swift; sourceTree = "<group>"; };
		AFE9D52528A986060065BA37 /* NewsPageCell.swift */ = {isa = PBXFileReference; lastKnownFileType = sourcecode.swift; path = NewsPageCell.swift; sourceTree = "<group>"; };
		AFE9D52628A986060065BA37 /* NewsCell.xib */ = {isa = PBXFileReference; lastKnownFileType = file.xib; path = NewsCell.xib; sourceTree = "<group>"; };
		C0509E8CBEE83740602CF2F8 /* Pods_R___news.framework */ = {isa = PBXFileReference; explicitFileType = wrapper.framework; includeInIndex = 0; path = "Pods_R___news.framework"; sourceTree = BUILT_PRODUCTS_DIR; };
/* End PBXFileReference section */

/* Begin PBXFrameworksBuildPhase section */
		AF892CB2289AD48E00E79D4A /* Frameworks */ = {
			isa = PBXFrameworksBuildPhase;
			buildActionMask = 2147483647;
			files = (
				9A16E9298A455FC46168CE23 /* Pods_R___news.framework in Frameworks */,
			);
			runOnlyForDeploymentPostprocessing = 0;
		};
/* End PBXFrameworksBuildPhase section */

/* Begin PBXGroup section */
		A2404F1F44E5A69E7A6AF682 /* Frameworks */ = {
			isa = PBXGroup;
			children = (
				C0509E8CBEE83740602CF2F8 /* Pods_R___news.framework */,
			);
			name = Frameworks;
			sourceTree = "<group>";
		};
		AF8013D0289EF2450071C156 /* Extensions */ = {
			isa = PBXGroup;
			children = (
				AFE83DA228A8E7C300DB1130 /* String+.swift */,
				AFE9D51D28A913C50065BA37 /* Alert+.swift */,
				AF7C972C28B021CD000729C9 /* View+.swift */,
			);
			path = Extensions;
			sourceTree = "<group>";
		};
		AF892CAC289AD48E00E79D4A = {
			isa = PBXGroup;
			children = (
				AF892CB7289AD48E00E79D4A /* R - news */,
				AF892CB6289AD48E00E79D4A /* Products */,
				FB1622C1A83AD1E8F3EEB980 /* Pods */,
				A2404F1F44E5A69E7A6AF682 /* Frameworks */,
			);
			sourceTree = "<group>";
		};
		AF892CB6289AD48E00E79D4A /* Products */ = {
			isa = PBXGroup;
			children = (
				AF892CB5289AD48E00E79D4A /* R - news.app */,
			);
			name = Products;
			sourceTree = "<group>";
		};
		AF892CB7289AD48E00E79D4A /* R - news */ = {
			isa = PBXGroup;
			children = (
				AF99B96D289FDE45008CE3A7 /* Application */,
				AF892CD5289AECF500E79D4A /* CustomLaunchScreen */,
				AF892CD2289AECA300E79D4A /* AnimationsLottie */,
				AFE83DA928A907E900DB1130 /* Models */,
				AFE83DA628A9072A00DB1130 /* Services */,
				AF99B970289FEC9B008CE3A7 /* Controllers */,
				AF8013D0289EF2450071C156 /* Extensions */,
				AF892CD6289AED1700E79D4A /* Supporting files */,
			);
			path = "R - news";
			sourceTree = "<group>";
		};
		AF892CD2289AECA300E79D4A /* AnimationsLottie */ = {
			isa = PBXGroup;
			children = (
				AFE9D51B28A911720065BA37 /* confetti.json */,
				AF99B96E289FE37E008CE3A7 /* backView.json */,
				AF99B97D28A0111B008CE3A7 /* hello.json */,
				AF892CD3289AECB600E79D4A /* news.json */,
				AF99B96B289FDD7E008CE3A7 /* background.json */,
			);
			path = AnimationsLottie;
			sourceTree = "<group>";
		};
		AF892CD5289AECF500E79D4A /* CustomLaunchScreen */ = {
			isa = PBXGroup;
			children = (
				AF892CCE289AD66000E79D4A /* AnimationVC.swift */,
			);
			path = CustomLaunchScreen;
			sourceTree = "<group>";
		};
		AF892CD6289AED1700E79D4A /* Supporting files */ = {
			isa = PBXGroup;
			children = (
				AF892CC6289AD49500E79D4A /* Info.plist */,
				AF892CC1289AD49500E79D4A /* Assets.xcassets */,
			);
			path = "Supporting files";
			sourceTree = "<group>";
		};
		AF99B96D289FDE45008CE3A7 /* Application */ = {
			isa = PBXGroup;
			children = (
				AF892CB8289AD48E00E79D4A /* AppDelegate.swift */,
				AF892CBA289AD48E00E79D4A /* SceneDelegate.swift */,
			);
			path = Application;
			sourceTree = "<group>";
		};
		AF99B970289FEC9B008CE3A7 /* Controllers */ = {
			isa = PBXGroup;
			children = (
				AF892CBC289AD48E00E79D4A /* HomePageVC.swift */,
				AF99B971289FF67A008CE3A7 /* SignUpVC.swift */,
				AF99B973289FF6A1008CE3A7 /* LogInVC.swift */,
				AFE9D52128A91E3B0065BA37 /* NewsPageTVC.swift */,
				AFE9D52528A986060065BA37 /* NewsPageCell.swift */,
				AFE9D52628A986060065BA37 /* NewsCell.xib */,
			);
			path = Controllers;
			sourceTree = "<group>";
		};
		AFE83DA628A9072A00DB1130 /* Services */ = {
			isa = PBXGroup;
			children = (
				AFE83DA728A9073D00DB1130 /* Manager.swift */,
			);
			path = Services;
			sourceTree = "<group>";
		};
		AFE83DA928A907E900DB1130 /* Models */ = {
			isa = PBXGroup;
			children = (
				AFE83DAA28A907F600DB1130 /* UserModel.swift */,
			);
			path = Models;
			sourceTree = "<group>";
		};
		FB1622C1A83AD1E8F3EEB980 /* Pods */ = {
			isa = PBXGroup;
			children = (
				4535FB157DCF704A201AB2AA /* Pods-R - news.debug.xcconfig */,
				6692AAAADC831CBD441BD6B0 /* Pods-R - news.release.xcconfig */,
			);
			path = Pods;
			sourceTree = "<group>";
		};
/* End PBXGroup section */

/* Begin PBXNativeTarget section */
		AF892CB4289AD48E00E79D4A /* R - news */ = {
			isa = PBXNativeTarget;
			buildConfigurationList = AF892CC9289AD49500E79D4A /* Build configuration list for PBXNativeTarget "R - news" */;
			buildPhases = (
				B7EE58627458E380B3826292 /* [CP] Check Pods Manifest.lock */,
				AF892CB1289AD48E00E79D4A /* Sources */,
				AF892CB2289AD48E00E79D4A /* Frameworks */,
				AF892CB3289AD48E00E79D4A /* Resources */,
				F45C5B0D1457816C395DCCF5 /* [CP] Embed Pods Frameworks */,
			);
			buildRules = (
			);
			dependencies = (
			);
			name = "R - news";
			packageProductDependencies = (
			);
			productName = "R - news";
			productReference = AF892CB5289AD48E00E79D4A /* R - news.app */;
			productType = "com.apple.product-type.application";
		};
/* End PBXNativeTarget section */

/* Begin PBXProject section */
		AF892CAD289AD48E00E79D4A /* Project object */ = {
			isa = PBXProject;
			attributes = {
				BuildIndependentTargetsInParallel = 1;
				LastSwiftUpdateCheck = 1340;
				LastUpgradeCheck = 1340;
				TargetAttributes = {
					AF892CB4289AD48E00E79D4A = {
						CreatedOnToolsVersion = 13.4.1;
					};
				};
			};
			buildConfigurationList = AF892CB0289AD48E00E79D4A /* Build configuration list for PBXProject "R - news" */;
			compatibilityVersion = "Xcode 13.0";
			developmentRegion = en;
			hasScannedForEncodings = 0;
			knownRegions = (
				en,
				Base,
			);
			mainGroup = AF892CAC289AD48E00E79D4A;
			packageReferences = (
				AF8013D6289EFB970071C156 /* XCRemoteSwiftPackageReference "rive-ios" */,
			);
			productRefGroup = AF892CB6289AD48E00E79D4A /* Products */;
			projectDirPath = "";
			projectRoot = "";
			targets = (
				AF892CB4289AD48E00E79D4A /* R - news */,
			);
		};
/* End PBXProject section */

/* Begin PBXResourcesBuildPhase section */
		AF892CB3289AD48E00E79D4A /* Resources */ = {
			isa = PBXResourcesBuildPhase;
			buildActionMask = 2147483647;
			files = (
				AF99B96C289FDD7E008CE3A7 /* background.json in Resources */,
				AF892CC2289AD49500E79D4A /* Assets.xcassets in Resources */,
				AFE9D52828A986060065BA37 /* NewsCell.xib in Resources */,
				AF99B97E28A0111B008CE3A7 /* hello.json in Resources */,
				AFE9D51C28A911720065BA37 /* confetti.json in Resources */,
				AF99B96F289FE37E008CE3A7 /* backView.json in Resources */,
				AF892CD4289AECB600E79D4A /* news.json in Resources */,
			);
			runOnlyForDeploymentPostprocessing = 0;
		};
/* End PBXResourcesBuildPhase section */

/* Begin PBXShellScriptBuildPhase section */
		B7EE58627458E380B3826292 /* [CP] Check Pods Manifest.lock */ = {
			isa = PBXShellScriptBuildPhase;
			buildActionMask = 2147483647;
			files = (
			);
			inputFileListPaths = (
			);
			inputPaths = (
				"${PODS_PODFILE_DIR_PATH}/Podfile.lock",
				"${PODS_ROOT}/Manifest.lock",
			);
			name = "[CP] Check Pods Manifest.lock";
			outputFileListPaths = (
			);
			outputPaths = (
				"$(DERIVED_FILE_DIR)/Pods-R - news-checkManifestLockResult.txt",
			);
			runOnlyForDeploymentPostprocessing = 0;
			shellPath = /bin/sh;
			shellScript = "diff \"${PODS_PODFILE_DIR_PATH}/Podfile.lock\" \"${PODS_ROOT}/Manifest.lock\" > /dev/null\nif [ $? != 0 ] ; then\n    # print error to STDERR\n    echo \"error: The sandbox is not in sync with the Podfile.lock. Run 'pod install' or update your CocoaPods installation.\" >&2\n    exit 1\nfi\n# This output is used by Xcode 'outputs' to avoid re-running this script phase.\necho \"SUCCESS\" > \"${SCRIPT_OUTPUT_FILE_0}\"\n";
			showEnvVarsInLog = 0;
		};
		F45C5B0D1457816C395DCCF5 /* [CP] Embed Pods Frameworks */ = {
			isa = PBXShellScriptBuildPhase;
			buildActionMask = 2147483647;
			files = (
			);
			inputFileListPaths = (
				"${PODS_ROOT}/Target Support Files/Pods-R - news/Pods-R - news-frameworks-${CONFIGURATION}-input-files.xcfilelist",
			);
			name = "[CP] Embed Pods Frameworks";
			outputFileListPaths = (
				"${PODS_ROOT}/Target Support Files/Pods-R - news/Pods-R - news-frameworks-${CONFIGURATION}-output-files.xcfilelist",
			);
			runOnlyForDeploymentPostprocessing = 0;
			shellPath = /bin/sh;
			shellScript = "\"${PODS_ROOT}/Target Support Files/Pods-R - news/Pods-R - news-frameworks.sh\"\n";
			showEnvVarsInLog = 0;
		};
/* End PBXShellScriptBuildPhase section */

/* Begin PBXSourcesBuildPhase section */
		AF892CB1289AD48E00E79D4A /* Sources */ = {
			isa = PBXSourcesBuildPhase;
			buildActionMask = 2147483647;
			files = (
				AF892CCF289AD66000E79D4A /* AnimationVC.swift in Sources */,
				AF892CBD289AD48E00E79D4A /* HomePageVC.swift in Sources */,
				AFE83DA328A8E7C300DB1130 /* String+.swift in Sources */,
				AF99B972289FF67A008CE3A7 /* SignUpVC.swift in Sources */,
				AFE9D51E28A913C50065BA37 /* Alert+.swift in Sources */,
				AF99B974289FF6A1008CE3A7 /* LogInVC.swift in Sources */,
				AF892CB9289AD48E00E79D4A /* AppDelegate.swift in Sources */,
				AFE83DA828A9073D00DB1130 /* Manager.swift in Sources */,
				AF7C972D28B021CD000729C9 /* View+.swift in Sources */,
				AFE9D52728A986060065BA37 /* NewsPageCell.swift in Sources */,
				AFE83DAB28A907F600DB1130 /* UserModel.swift in Sources */,
				AF892CBB289AD48E00E79D4A /* SceneDelegate.swift in Sources */,
				AFE9D52228A91E3B0065BA37 /* NewsPageTVC.swift in Sources */,
			);
			runOnlyForDeploymentPostprocessing = 0;
		};
/* End PBXSourcesBuildPhase section */

/* Begin XCBuildConfiguration section */
		AF892CC7289AD49500E79D4A /* Debug */ = {
			isa = XCBuildConfiguration;
			buildSettings = {
				ALWAYS_SEARCH_USER_PATHS = NO;
				CLANG_ANALYZER_NONNULL = YES;
				CLANG_ANALYZER_NUMBER_OBJECT_CONVERSION = YES_AGGRESSIVE;
				CLANG_CXX_LANGUAGE_STANDARD = "gnu++17";
				CLANG_ENABLE_MODULES = YES;
				CLANG_ENABLE_OBJC_ARC = YES;
				CLANG_ENABLE_OBJC_WEAK = YES;
				CLANG_WARN_BLOCK_CAPTURE_AUTORELEASING = YES;
				CLANG_WARN_BOOL_CONVERSION = YES;
				CLANG_WARN_COMMA = YES;
				CLANG_WARN_CONSTANT_CONVERSION = YES;
				CLANG_WARN_DEPRECATED_OBJC_IMPLEMENTATIONS = YES;
				CLANG_WARN_DIRECT_OBJC_ISA_USAGE = YES_ERROR;
				CLANG_WARN_DOCUMENTATION_COMMENTS = YES;
				CLANG_WARN_EMPTY_BODY = YES;
				CLANG_WARN_ENUM_CONVERSION = YES;
				CLANG_WARN_INFINITE_RECURSION = YES;
				CLANG_WARN_INT_CONVERSION = YES;
				CLANG_WARN_NON_LITERAL_NULL_CONVERSION = YES;
				CLANG_WARN_OBJC_IMPLICIT_RETAIN_SELF = YES;
				CLANG_WARN_OBJC_LITERAL_CONVERSION = YES;
				CLANG_WARN_OBJC_ROOT_CLASS = YES_ERROR;
				CLANG_WARN_QUOTED_INCLUDE_IN_FRAMEWORK_HEADER = YES;
				CLANG_WARN_RANGE_LOOP_ANALYSIS = YES;
				CLANG_WARN_STRICT_PROTOTYPES = YES;
				CLANG_WARN_SUSPICIOUS_MOVE = YES;
				CLANG_WARN_UNGUARDED_AVAILABILITY = YES_AGGRESSIVE;
				CLANG_WARN_UNREACHABLE_CODE = YES;
				CLANG_WARN__DUPLICATE_METHOD_MATCH = YES;
				COPY_PHASE_STRIP = NO;
				DEBUG_INFORMATION_FORMAT = dwarf;
				ENABLE_STRICT_OBJC_MSGSEND = YES;
				ENABLE_TESTABILITY = YES;
				GCC_C_LANGUAGE_STANDARD = gnu11;
				GCC_DYNAMIC_NO_PIC = NO;
				GCC_NO_COMMON_BLOCKS = YES;
				GCC_OPTIMIZATION_LEVEL = 0;
				GCC_PREPROCESSOR_DEFINITIONS = (
					"DEBUG=1",
					"$(inherited)",
				);
				GCC_WARN_64_TO_32_BIT_CONVERSION = YES;
				GCC_WARN_ABOUT_RETURN_TYPE = YES_ERROR;
				GCC_WARN_UNDECLARED_SELECTOR = YES;
				GCC_WARN_UNINITIALIZED_AUTOS = YES_AGGRESSIVE;
				GCC_WARN_UNUSED_FUNCTION = YES;
				GCC_WARN_UNUSED_VARIABLE = YES;
				IPHONEOS_DEPLOYMENT_TARGET = 15.5;
				MTL_ENABLE_DEBUG_INFO = INCLUDE_SOURCE;
				MTL_FAST_MATH = YES;
				ONLY_ACTIVE_ARCH = YES;
				SDKROOT = iphoneos;
				SWIFT_ACTIVE_COMPILATION_CONDITIONS = DEBUG;
				SWIFT_OPTIMIZATION_LEVEL = "-Onone";
			};
			name = Debug;
		};
		AF892CC8289AD49500E79D4A /* Release */ = {
			isa = XCBuildConfiguration;
			buildSettings = {
				ALWAYS_SEARCH_USER_PATHS = NO;
				CLANG_ANALYZER_NONNULL = YES;
				CLANG_ANALYZER_NUMBER_OBJECT_CONVERSION = YES_AGGRESSIVE;
				CLANG_CXX_LANGUAGE_STANDARD = "gnu++17";
				CLANG_ENABLE_MODULES = YES;
				CLANG_ENABLE_OBJC_ARC = YES;
				CLANG_ENABLE_OBJC_WEAK = YES;
				CLANG_WARN_BLOCK_CAPTURE_AUTORELEASING = YES;
				CLANG_WARN_BOOL_CONVERSION = YES;
				CLANG_WARN_COMMA = YES;
				CLANG_WARN_CONSTANT_CONVERSION = YES;
				CLANG_WARN_DEPRECATED_OBJC_IMPLEMENTATIONS = YES;
				CLANG_WARN_DIRECT_OBJC_ISA_USAGE = YES_ERROR;
				CLANG_WARN_DOCUMENTATION_COMMENTS = YES;
				CLANG_WARN_EMPTY_BODY = YES;
				CLANG_WARN_ENUM_CONVERSION = YES;
				CLANG_WARN_INFINITE_RECURSION = YES;
				CLANG_WARN_INT_CONVERSION = YES;
				CLANG_WARN_NON_LITERAL_NULL_CONVERSION = YES;
				CLANG_WARN_OBJC_IMPLICIT_RETAIN_SELF = YES;
				CLANG_WARN_OBJC_LITERAL_CONVERSION = YES;
				CLANG_WARN_OBJC_ROOT_CLASS = YES_ERROR;
				CLANG_WARN_QUOTED_INCLUDE_IN_FRAMEWORK_HEADER = YES;
				CLANG_WARN_RANGE_LOOP_ANALYSIS = YES;
				CLANG_WARN_STRICT_PROTOTYPES = YES;
				CLANG_WARN_SUSPICIOUS_MOVE = YES;
				CLANG_WARN_UNGUARDED_AVAILABILITY = YES_AGGRESSIVE;
				CLANG_WARN_UNREACHABLE_CODE = YES;
				CLANG_WARN__DUPLICATE_METHOD_MATCH = YES;
				COPY_PHASE_STRIP = NO;
				DEBUG_INFORMATION_FORMAT = "dwarf-with-dsym";
				ENABLE_NS_ASSERTIONS = NO;
				ENABLE_STRICT_OBJC_MSGSEND = YES;
				GCC_C_LANGUAGE_STANDARD = gnu11;
				GCC_NO_COMMON_BLOCKS = YES;
				GCC_WARN_64_TO_32_BIT_CONVERSION = YES;
				GCC_WARN_ABOUT_RETURN_TYPE = YES_ERROR;
				GCC_WARN_UNDECLARED_SELECTOR = YES;
				GCC_WARN_UNINITIALIZED_AUTOS = YES_AGGRESSIVE;
				GCC_WARN_UNUSED_FUNCTION = YES;
				GCC_WARN_UNUSED_VARIABLE = YES;
				IPHONEOS_DEPLOYMENT_TARGET = 15.5;
				MTL_ENABLE_DEBUG_INFO = NO;
				MTL_FAST_MATH = YES;
				SDKROOT = iphoneos;
				SWIFT_COMPILATION_MODE = wholemodule;
				SWIFT_OPTIMIZATION_LEVEL = "-O";
				VALIDATE_PRODUCT = YES;
			};
			name = Release;
		};
		AF892CCA289AD49500E79D4A /* Debug */ = {
			isa = XCBuildConfiguration;
			baseConfigurationReference = 4535FB157DCF704A201AB2AA /* Pods-R - news.debug.xcconfig */;
			buildSettings = {
				ASSETCATALOG_COMPILER_APPICON_NAME = AppIcon;
				ASSETCATALOG_COMPILER_GLOBAL_ACCENT_COLOR_NAME = AccentColor;
				CODE_SIGN_STYLE = Automatic;
				CURRENT_PROJECT_VERSION = 1;
				DEVELOPMENT_TEAM = 36FB83P3NL;
				GENERATE_INFOPLIST_FILE = YES;
				INFOPLIST_FILE = "R - news/Supporting files/Info.plist";
				INFOPLIST_KEY_UIApplicationSupportsIndirectInputEvents = YES;
				INFOPLIST_KEY_UILaunchStoryboardName = AnimationVC;
				INFOPLIST_KEY_UISupportedInterfaceOrientations = UIInterfaceOrientationPortrait;
				INFOPLIST_KEY_UISupportedInterfaceOrientations_iPad = "UIInterfaceOrientationPortrait UIInterfaceOrientationPortraitUpsideDown UIInterfaceOrientationLandscapeLeft UIInterfaceOrientationLandscapeRight";
				INFOPLIST_KEY_UISupportedInterfaceOrientations_iPhone = "UIInterfaceOrientationPortrait UIInterfaceOrientationLandscapeLeft UIInterfaceOrientationLandscapeRight";
				LD_RUNPATH_SEARCH_PATHS = (
					"$(inherited)",
					"@executable_path/Frameworks",
				);
				MARKETING_VERSION = 1.0;
				PRODUCT_BUNDLE_IDENTIFIER = "pet-project.R---news";
				PRODUCT_NAME = "$(TARGET_NAME)";
				SWIFT_EMIT_LOC_STRINGS = YES;
				SWIFT_VERSION = 5.0;
				TARGETED_DEVICE_FAMILY = "1,2";
			};
			name = Debug;
		};
		AF892CCB289AD49500E79D4A /* Release */ = {
			isa = XCBuildConfiguration;
			baseConfigurationReference = 6692AAAADC831CBD441BD6B0 /* Pods-R - news.release.xcconfig */;
			buildSettings = {
				ASSETCATALOG_COMPILER_APPICON_NAME = AppIcon;
				ASSETCATALOG_COMPILER_GLOBAL_ACCENT_COLOR_NAME = AccentColor;
				CODE_SIGN_STYLE = Automatic;
				CURRENT_PROJECT_VERSION = 1;
				DEVELOPMENT_TEAM = 36FB83P3NL;
				GENERATE_INFOPLIST_FILE = YES;
				INFOPLIST_FILE = "R - news/Supporting files/Info.plist";
				INFOPLIST_KEY_UIApplicationSupportsIndirectInputEvents = YES;
				INFOPLIST_KEY_UILaunchStoryboardName = AnimationVC;
				INFOPLIST_KEY_UISupportedInterfaceOrientations = UIInterfaceOrientationPortrait;
				INFOPLIST_KEY_UISupportedInterfaceOrientations_iPad = "UIInterfaceOrientationPortrait UIInterfaceOrientationPortraitUpsideDown UIInterfaceOrientationLandscapeLeft UIInterfaceOrientationLandscapeRight";
				INFOPLIST_KEY_UISupportedInterfaceOrientations_iPhone = "UIInterfaceOrientationPortrait UIInterfaceOrientationLandscapeLeft UIInterfaceOrientationLandscapeRight";
				LD_RUNPATH_SEARCH_PATHS = (
					"$(inherited)",
					"@executable_path/Frameworks",
				);
				MARKETING_VERSION = 1.0;
				PRODUCT_BUNDLE_IDENTIFIER = "pet-project.R---news";
				PRODUCT_NAME = "$(TARGET_NAME)";
				SWIFT_EMIT_LOC_STRINGS = YES;
				SWIFT_VERSION = 5.0;
				TARGETED_DEVICE_FAMILY = "1,2";
			};
			name = Release;
		};
/* End XCBuildConfiguration section */

/* Begin XCConfigurationList section */
		AF892CB0289AD48E00E79D4A /* Build configuration list for PBXProject "R - news" */ = {
			isa = XCConfigurationList;
			buildConfigurations = (
				AF892CC7289AD49500E79D4A /* Debug */,
				AF892CC8289AD49500E79D4A /* Release */,
			);
			defaultConfigurationIsVisible = 0;
			defaultConfigurationName = Release;
		};
		AF892CC9289AD49500E79D4A /* Build configuration list for PBXNativeTarget "R - news" */ = {
			isa = XCConfigurationList;
			buildConfigurations = (
				AF892CCA289AD49500E79D4A /* Debug */,
				AF892CCB289AD49500E79D4A /* Release */,
			);
			defaultConfigurationIsVisible = 0;
			defaultConfigurationName = Release;
		};
/* End XCConfigurationList section */

/* Begin XCRemoteSwiftPackageReference section */
		AF8013D6289EFB970071C156 /* XCRemoteSwiftPackageReference "rive-ios" */ = {
			isa = XCRemoteSwiftPackageReference;
			repositoryURL = "https://github.com/rive-app/rive-ios";
			requirement = {
				branch = main;
				kind = branch;
			};
		};
/* End XCRemoteSwiftPackageReference section */
	};
	rootObject = AF892CAD289AD48E00E79D4A /* Project object */;
}
